
Microsoft Visual Studio Solution File, Format Version 12.00
# Visual Studio Version 17
VisualStudioVersion = 17.11.35312.102
MinimumVisualStudioVersion = 10.0.40219.1
Project("{FAE04EC0-301F-11D3-BF4B-00C04F79EFBC}") = "ShelterProject", "ShelterProject\ShelterProject.csproj", "{B2F4D9F5-79B1-48B2-A7D5-F4973D0AA211}"
EndProject
Global
	GlobalSection(SolutionConfigurationPlatforms) = preSolution
		Debug|Any CPU = Debug|Any CPU
		Release|Any CPU = Release|Any CPU
	EndGlobalSection
	GlobalSection(ProjectConfigurationPlatforms) = postSolution
		{B2F4D9F5-79B1-48B2-A7D5-F4973D0AA211}.Debug|Any CPU.ActiveCfg = Debug|Any CPU
		{B2F4D9F5-79B1-48B2-A7D5-F4973D0AA211}.Debug|Any CPU.Build.0 = Debug|Any CPU
		{B2F4D9F5-79B1-48B2-A7D5-F4973D0AA211}.Release|Any CPU.ActiveCfg = Release|Any CPU
		{B2F4D9F5-79B1-48B2-A7D5-F4973D0AA211}.Release|Any CPU.Build.0 = Release|Any CPU
	EndGlobalSection
	GlobalSection(SolutionProperties) = preSolution
		HideSolutionNode = FALSE
	EndGlobalSection
	GlobalSection(ExtensibilityGlobals) = postSolution
		SolutionGuid = {056C22C9-8352-4695-B4C5-1FA4F18DD874}
	EndGlobalSection
EndGlobal
